// !$*UTF8*$!
{
	archiveVersion = 1;
	classes = {
	};
	objectVersion = 56;
	objects = {

/* Begin PBXBuildFile section */
		0BEBD6552B7FD78E00FCE866 /* AnimalListItemView.swift in Sources */ = {isa = PBXBuildFile; fileRef = 0BEBD6542B7FD78E00FCE866 /* AnimalListItemView.swift */; };
		0BEBD6572B7FD90A00FCE866 /* AnimalModel.swift in Sources */ = {isa = PBXBuildFile; fileRef = 0BEBD6562B7FD90A00FCE866 /* AnimalModel.swift */; };
		0BF3DBB72B7C2ABD00F1839C /* AfricaApp.swift in Sources */ = {isa = PBXBuildFile; fileRef = 0BF3DBB62B7C2ABD00F1839C /* AfricaApp.swift */; };
		0BF3DBB92B7C2ABD00F1839C /* ContentView.swift in Sources */ = {isa = PBXBuildFile; fileRef = 0BF3DBB82B7C2ABD00F1839C /* ContentView.swift */; };
		0BF3DBBB2B7C2ABE00F1839C /* Assets.xcassets in Resources */ = {isa = PBXBuildFile; fileRef = 0BF3DBBA2B7C2ABE00F1839C /* Assets.xcassets */; };
		0BF3DBBE2B7C2ABE00F1839C /* Preview Assets.xcassets in Resources */ = {isa = PBXBuildFile; fileRef = 0BF3DBBD2B7C2ABE00F1839C /* Preview Assets.xcassets */; };
		0BF3DBCF2B7C2CB000F1839C /* lion.mp4 in Resources */ = {isa = PBXBuildFile; fileRef = 0BF3DBC52B7C2CB000F1839C /* lion.mp4 */; };
		0BF3DBD02B7C2CB000F1839C /* ostrich.mp4 in Resources */ = {isa = PBXBuildFile; fileRef = 0BF3DBC62B7C2CB000F1839C /* ostrich.mp4 */; };
		0BF3DBD12B7C2CB000F1839C /* lioness.mp4 in Resources */ = {isa = PBXBuildFile; fileRef = 0BF3DBC72B7C2CB000F1839C /* lioness.mp4 */; };
		0BF3DBD22B7C2CB000F1839C /* rhino.mp4 in Resources */ = {isa = PBXBuildFile; fileRef = 0BF3DBC82B7C2CB000F1839C /* rhino.mp4 */; };
		0BF3DBD32B7C2CB000F1839C /* gorilla.mp4 in Resources */ = {isa = PBXBuildFile; fileRef = 0BF3DBC92B7C2CB000F1839C /* gorilla.mp4 */; };
		0BF3DBD42B7C2CB000F1839C /* elephant.mp4 in Resources */ = {isa = PBXBuildFile; fileRef = 0BF3DBCA2B7C2CB000F1839C /* elephant.mp4 */; };
		0BF3DBD52B7C2CB000F1839C /* cheetah.mp4 in Resources */ = {isa = PBXBuildFile; fileRef = 0BF3DBCB2B7C2CB000F1839C /* cheetah.mp4 */; };
		0BF3DBD62B7C2CB000F1839C /* hippo.mp4 in Resources */ = {isa = PBXBuildFile; fileRef = 0BF3DBCC2B7C2CB000F1839C /* hippo.mp4 */; };
		0BF3DBD72B7C2CB000F1839C /* zebra.mp4 in Resources */ = {isa = PBXBuildFile; fileRef = 0BF3DBCD2B7C2CB000F1839C /* zebra.mp4 */; };
		0BF3DBD82B7C2CB000F1839C /* giraffe.mp4 in Resources */ = {isa = PBXBuildFile; fileRef = 0BF3DBCE2B7C2CB000F1839C /* giraffe.mp4 */; };
		0BF3DBDE2B7C2CDC00F1839C /* locations.json in Resources */ = {isa = PBXBuildFile; fileRef = 0BF3DBDA2B7C2CDC00F1839C /* locations.json */; };
		0BF3DBDF2B7C2CDC00F1839C /* videos.json in Resources */ = {isa = PBXBuildFile; fileRef = 0BF3DBDB2B7C2CDC00F1839C /* videos.json */; };
		0BF3DBE02B7C2CDC00F1839C /* covers.json in Resources */ = {isa = PBXBuildFile; fileRef = 0BF3DBDC2B7C2CDC00F1839C /* covers.json */; };
		0BF3DBE12B7C2CDC00F1839C /* animals.json in Resources */ = {isa = PBXBuildFile; fileRef = 0BF3DBDD2B7C2CDC00F1839C /* animals.json */; };
		0BF3DBE52B7C2E0A00F1839C /* VideoListView.swift in Sources */ = {isa = PBXBuildFile; fileRef = 0BF3DBE42B7C2E0A00F1839C /* VideoListView.swift */; };
		0BF3DBE72B7C2E1600F1839C /* MapView.swift in Sources */ = {isa = PBXBuildFile; fileRef = 0BF3DBE62B7C2E1600F1839C /* MapView.swift */; };
		0BF3DBE92B7C2E2000F1839C /* GalleryView.swift in Sources */ = {isa = PBXBuildFile; fileRef = 0BF3DBE82B7C2E2000F1839C /* GalleryView.swift */; };
		0BF3DBEB2B7C2E2900F1839C /* MainView.swift in Sources */ = {isa = PBXBuildFile; fileRef = 0BF3DBEA2B7C2E2900F1839C /* MainView.swift */; };
		0BF3DBEE2B7C2F6C00F1839C /* CoverImageView.swift in Sources */ = {isa = PBXBuildFile; fileRef = 0BF3DBED2B7C2F6C00F1839C /* CoverImageView.swift */; };
		0BF3DBF12B7C311000F1839C /* CoverImageModel.swift in Sources */ = {isa = PBXBuildFile; fileRef = 0BF3DBF02B7C311000F1839C /* CoverImageModel.swift */; };
		0BF3DBF42B7C31E200F1839C /* CodableBundleExtension.swift in Sources */ = {isa = PBXBuildFile; fileRef = 0BF3DBF32B7C31E200F1839C /* CodableBundleExtension.swift */; };
		0BF8E0102B81C91000A4D0F5 /* AnimalDetailView.swift in Sources */ = {isa = PBXBuildFile; fileRef = 0BF8E00F2B81C91000A4D0F5 /* AnimalDetailView.swift */; };
		0BF8E0122B81CB3600A4D0F5 /* HeadingView.swift in Sources */ = {isa = PBXBuildFile; fileRef = 0BF8E0112B81CB3600A4D0F5 /* HeadingView.swift */; };
		0BF8E0142B81CBF900A4D0F5 /* InsetGalleryView.swift in Sources */ = {isa = PBXBuildFile; fileRef = 0BF8E0132B81CBF900A4D0F5 /* InsetGalleryView.swift */; };
/* End PBXBuildFile section */

/* Begin PBXFileReference section */
		0BEBD6542B7FD78E00FCE866 /* AnimalListItemView.swift */ = {isa = PBXFileReference; lastKnownFileType = sourcecode.swift; path = AnimalListItemView.swift; sourceTree = "<group>"; };
		0BEBD6562B7FD90A00FCE866 /* AnimalModel.swift */ = {isa = PBXFileReference; lastKnownFileType = sourcecode.swift; path = AnimalModel.swift; sourceTree = "<group>"; };
		0BF3DBB32B7C2ABD00F1839C /* Africa.app */ = {isa = PBXFileReference; explicitFileType = wrapper.application; includeInIndex = 0; path = Africa.app; sourceTree = BUILT_PRODUCTS_DIR; };
		0BF3DBB62B7C2ABD00F1839C /* AfricaApp.swift */ = {isa = PBXFileReference; lastKnownFileType = sourcecode.swift; path = AfricaApp.swift; sourceTree = "<group>"; };
		0BF3DBB82B7C2ABD00F1839C /* ContentView.swift */ = {isa = PBXFileReference; lastKnownFileType = sourcecode.swift; path = ContentView.swift; sourceTree = "<group>"; };
		0BF3DBBA2B7C2ABE00F1839C /* Assets.xcassets */ = {isa = PBXFileReference; lastKnownFileType = folder.assetcatalog; path = Assets.xcassets; sourceTree = "<group>"; };
		0BF3DBBD2B7C2ABE00F1839C /* Preview Assets.xcassets */ = {isa = PBXFileReference; lastKnownFileType = folder.assetcatalog; path = "Preview Assets.xcassets"; sourceTree = "<group>"; };
		0BF3DBC52B7C2CB000F1839C /* lion.mp4 */ = {isa = PBXFileReference; lastKnownFileType = file; name = lion.mp4; path = ../../../../Resources/video/lion.mp4; sourceTree = "<group>"; };
		0BF3DBC62B7C2CB000F1839C /* ostrich.mp4 */ = {isa = PBXFileReference; lastKnownFileType = file; name = ostrich.mp4; path = ../../../../Resources/video/ostrich.mp4; sourceTree = "<group>"; };
		0BF3DBC72B7C2CB000F1839C /* lioness.mp4 */ = {isa = PBXFileReference; lastKnownFileType = file; name = lioness.mp4; path = ../../../../Resources/video/lioness.mp4; sourceTree = "<group>"; };
		0BF3DBC82B7C2CB000F1839C /* rhino.mp4 */ = {isa = PBXFileReference; lastKnownFileType = file; name = rhino.mp4; path = ../../../../Resources/video/rhino.mp4; sourceTree = "<group>"; };
		0BF3DBC92B7C2CB000F1839C /* gorilla.mp4 */ = {isa = PBXFileReference; lastKnownFileType = file; name = gorilla.mp4; path = ../../../../Resources/video/gorilla.mp4; sourceTree = "<group>"; };
		0BF3DBCA2B7C2CB000F1839C /* elephant.mp4 */ = {isa = PBXFileReference; lastKnownFileType = file; name = elephant.mp4; path = ../../../../Resources/video/elephant.mp4; sourceTree = "<group>"; };
		0BF3DBCB2B7C2CB000F1839C /* cheetah.mp4 */ = {isa = PBXFileReference; lastKnownFileType = file; name = cheetah.mp4; path = ../../../../Resources/video/cheetah.mp4; sourceTree = "<group>"; };
		0BF3DBCC2B7C2CB000F1839C /* hippo.mp4 */ = {isa = PBXFileReference; lastKnownFileType = file; name = hippo.mp4; path = ../../../../Resources/video/hippo.mp4; sourceTree = "<group>"; };
		0BF3DBCD2B7C2CB000F1839C /* zebra.mp4 */ = {isa = PBXFileReference; lastKnownFileType = file; name = zebra.mp4; path = ../../../../Resources/video/zebra.mp4; sourceTree = "<group>"; };
		0BF3DBCE2B7C2CB000F1839C /* giraffe.mp4 */ = {isa = PBXFileReference; lastKnownFileType = file; name = giraffe.mp4; path = ../../../../Resources/video/giraffe.mp4; sourceTree = "<group>"; };
		0BF3DBDA2B7C2CDC00F1839C /* locations.json */ = {isa = PBXFileReference; fileEncoding = 4; lastKnownFileType = text.json; name = locations.json; path = ../../../../Resources/data/locations.json; sourceTree = "<group>"; };
		0BF3DBDB2B7C2CDC00F1839C /* videos.json */ = {isa = PBXFileReference; fileEncoding = 4; lastKnownFileType = text.json; name = videos.json; path = ../../../../Resources/data/videos.json; sourceTree = "<group>"; };
		0BF3DBDC2B7C2CDC00F1839C /* covers.json */ = {isa = PBXFileReference; fileEncoding = 4; lastKnownFileType = text.json; name = covers.json; path = ../../../../Resources/data/covers.json; sourceTree = "<group>"; };
		0BF3DBDD2B7C2CDC00F1839C /* animals.json */ = {isa = PBXFileReference; fileEncoding = 4; lastKnownFileType = text.json; name = animals.json; path = ../../../../Resources/data/animals.json; sourceTree = "<group>"; };
		0BF3DBE22B7C2D6B00F1839C /* Info.plist */ = {isa = PBXFileReference; lastKnownFileType = text.plist; path = Info.plist; sourceTree = "<group>"; };
		0BF3DBE42B7C2E0A00F1839C /* VideoListView.swift */ = {isa = PBXFileReference; lastKnownFileType = sourcecode.swift; path = VideoListView.swift; sourceTree = "<group>"; };
		0BF3DBE62B7C2E1600F1839C /* MapView.swift */ = {isa = PBXFileReference; lastKnownFileType = sourcecode.swift; path = MapView.swift; sourceTree = "<group>"; };
		0BF3DBE82B7C2E2000F1839C /* GalleryView.swift */ = {isa = PBXFileReference; lastKnownFileType = sourcecode.swift; path = GalleryView.swift; sourceTree = "<group>"; };
		0BF3DBEA2B7C2E2900F1839C /* MainView.swift */ = {isa = PBXFileReference; lastKnownFileType = sourcecode.swift; path = MainView.swift; sourceTree = "<group>"; };
		0BF3DBED2B7C2F6C00F1839C /* CoverImageView.swift */ = {isa = PBXFileReference; lastKnownFileType = sourcecode.swift; path = CoverImageView.swift; sourceTree = "<group>"; };
		0BF3DBF02B7C311000F1839C /* CoverImageModel.swift */ = {isa = PBXFileReference; lastKnownFileType = sourcecode.swift; path = CoverImageModel.swift; sourceTree = "<group>"; };
		0BF3DBF32B7C31E200F1839C /* CodableBundleExtension.swift */ = {isa = PBXFileReference; lastKnownFileType = sourcecode.swift; path = CodableBundleExtension.swift; sourceTree = "<group>"; };
		0BF8E00F2B81C91000A4D0F5 /* AnimalDetailView.swift */ = {isa = PBXFileReference; lastKnownFileType = sourcecode.swift; path = AnimalDetailView.swift; sourceTree = "<group>"; };
		0BF8E0112B81CB3600A4D0F5 /* HeadingView.swift */ = {isa = PBXFileReference; lastKnownFileType = sourcecode.swift; path = HeadingView.swift; sourceTree = "<group>"; };
		0BF8E0132B81CBF900A4D0F5 /* InsetGalleryView.swift */ = {isa = PBXFileReference; lastKnownFileType = sourcecode.swift; path = InsetGalleryView.swift; sourceTree = "<group>"; };
/* End PBXFileReference section */

/* Begin PBXFrameworksBuildPhase section */
		0BF3DBB02B7C2ABD00F1839C /* Frameworks */ = {
			isa = PBXFrameworksBuildPhase;
			buildActionMask = 2147483647;
			files = (
			);
			runOnlyForDeploymentPostprocessing = 0;
		};
/* End PBXFrameworksBuildPhase section */

/* Begin PBXGroup section */
		0BF3DBAA2B7C2ABC00F1839C = {
			isa = PBXGroup;
			children = (
				0BF3DBB52B7C2ABD00F1839C /* Africa */,
				0BF3DBB42B7C2ABD00F1839C /* Products */,
			);
			sourceTree = "<group>";
		};
		0BF3DBB42B7C2ABD00F1839C /* Products */ = {
			isa = PBXGroup;
			children = (
				0BF3DBB32B7C2ABD00F1839C /* Africa.app */,
			);
			name = Products;
			sourceTree = "<group>";
		};
		0BF3DBB52B7C2ABD00F1839C /* Africa */ = {
			isa = PBXGroup;
			children = (
				0BF3DBF22B7C31D100F1839C /* Extension */,
				0BF3DBEF2B7C310300F1839C /* Model */,
				0BF3DBEC2B7C2F5F00F1839C /* View */,
				0BF3DBE22B7C2D6B00F1839C /* Info.plist */,
				0BF3DBD92B7C2CC800F1839C /* Data */,
				0BF3DBE32B7C2DD200F1839C /* App */,
				0BF3DBC42B7C2C9700F1839C /* Video */,
				0BF3DBBA2B7C2ABE00F1839C /* Assets.xcassets */,
				0BF3DBBC2B7C2ABE00F1839C /* Preview Content */,
			);
			path = Africa;
			sourceTree = "<group>";
		};
		0BF3DBBC2B7C2ABE00F1839C /* Preview Content */ = {
			isa = PBXGroup;
			children = (
				0BF3DBBD2B7C2ABE00F1839C /* Preview Assets.xcassets */,
			);
			path = "Preview Content";
			sourceTree = "<group>";
		};
		0BF3DBC42B7C2C9700F1839C /* Video */ = {
			isa = PBXGroup;
			children = (
				0BF3DBCB2B7C2CB000F1839C /* cheetah.mp4 */,
				0BF3DBCA2B7C2CB000F1839C /* elephant.mp4 */,
				0BF3DBCE2B7C2CB000F1839C /* giraffe.mp4 */,
				0BF3DBC92B7C2CB000F1839C /* gorilla.mp4 */,
				0BF3DBCC2B7C2CB000F1839C /* hippo.mp4 */,
				0BF3DBC52B7C2CB000F1839C /* lion.mp4 */,
				0BF3DBC72B7C2CB000F1839C /* lioness.mp4 */,
				0BF3DBC62B7C2CB000F1839C /* ostrich.mp4 */,
				0BF3DBC82B7C2CB000F1839C /* rhino.mp4 */,
				0BF3DBCD2B7C2CB000F1839C /* zebra.mp4 */,
			);
			path = Video;
			sourceTree = "<group>";
		};
		0BF3DBD92B7C2CC800F1839C /* Data */ = {
			isa = PBXGroup;
			children = (
				0BF3DBDD2B7C2CDC00F1839C /* animals.json */,
				0BF3DBDC2B7C2CDC00F1839C /* covers.json */,
				0BF3DBDA2B7C2CDC00F1839C /* locations.json */,
				0BF3DBDB2B7C2CDC00F1839C /* videos.json */,
			);
			path = Data;
			sourceTree = "<group>";
		};
		0BF3DBE32B7C2DD200F1839C /* App */ = {
			isa = PBXGroup;
			children = (
				0BF3DBB62B7C2ABD00F1839C /* AfricaApp.swift */,
				0BF3DBB82B7C2ABD00F1839C /* ContentView.swift */,
				0BF3DBE42B7C2E0A00F1839C /* VideoListView.swift */,
				0BF3DBE62B7C2E1600F1839C /* MapView.swift */,
				0BF3DBE82B7C2E2000F1839C /* GalleryView.swift */,
				0BF3DBEA2B7C2E2900F1839C /* MainView.swift */,
			);
			path = App;
			sourceTree = "<group>";
		};
		0BF3DBEC2B7C2F5F00F1839C /* View */ = {
			isa = PBXGroup;
			children = (
				0BF3DBED2B7C2F6C00F1839C /* CoverImageView.swift */,
				0BEBD6542B7FD78E00FCE866 /* AnimalListItemView.swift */,
				0BF8E00F2B81C91000A4D0F5 /* AnimalDetailView.swift */,
				0BF8E0112B81CB3600A4D0F5 /* HeadingView.swift */,
				0BF8E0132B81CBF900A4D0F5 /* InsetGalleryView.swift */,
			);
			path = View;
			sourceTree = "<group>";
		};
		0BF3DBEF2B7C310300F1839C /* Model */ = {
			isa = PBXGroup;
			children = (
				0BF3DBF02B7C311000F1839C /* CoverImageModel.swift */,
				0BEBD6562B7FD90A00FCE866 /* AnimalModel.swift */,
			);
			path = Model;
			sourceTree = "<group>";
		};
		0BF3DBF22B7C31D100F1839C /* Extension */ = {
			isa = PBXGroup;
			children = (
				0BF3DBF32B7C31E200F1839C /* CodableBundleExtension.swift */,
			);
			path = Extension;
			sourceTree = "<group>";
		};
/* End PBXGroup section */

/* Begin PBXNativeTarget section */
		0BF3DBB22B7C2ABD00F1839C /* Africa */ = {
			isa = PBXNativeTarget;
			buildConfigurationList = 0BF3DBC12B7C2ABE00F1839C /* Build configuration list for PBXNativeTarget "Africa" */;
			buildPhases = (
				0BF3DBAF2B7C2ABD00F1839C /* Sources */,
				0BF3DBB02B7C2ABD00F1839C /* Frameworks */,
				0BF3DBB12B7C2ABD00F1839C /* Resources */,
			);
			buildRules = (
			);
			dependencies = (
			);
			name = Africa;
			productName = Africa;
			productReference = 0BF3DBB32B7C2ABD00F1839C /* Africa.app */;
			productType = "com.apple.product-type.application";
		};
/* End PBXNativeTarget section */

/* Begin PBXProject section */
		0BF3DBAB2B7C2ABC00F1839C /* Project object */ = {
			isa = PBXProject;
			attributes = {
				BuildIndependentTargetsInParallel = 1;
				LastSwiftUpdateCheck = 1520;
				LastUpgradeCheck = 1520;
				TargetAttributes = {
					0BF3DBB22B7C2ABD00F1839C = {
						CreatedOnToolsVersion = 15.2;
					};
				};
			};
			buildConfigurationList = 0BF3DBAE2B7C2ABC00F1839C /* Build configuration list for PBXProject "Africa" */;
			compatibilityVersion = "Xcode 14.0";
			developmentRegion = en;
			hasScannedForEncodings = 0;
			knownRegions = (
				en,
				Base,
			);
			mainGroup = 0BF3DBAA2B7C2ABC00F1839C;
			productRefGroup = 0BF3DBB42B7C2ABD00F1839C /* Products */;
			projectDirPath = "";
			projectRoot = "";
			targets = (
				0BF3DBB22B7C2ABD00F1839C /* Africa */,
			);
		};
/* End PBXProject section */

/* Begin PBXResourcesBuildPhase section */
		0BF3DBB12B7C2ABD00F1839C /* Resources */ = {
			isa = PBXResourcesBuildPhase;
			buildActionMask = 2147483647;
			files = (
				0BF3DBDE2B7C2CDC00F1839C /* locations.json in Resources */,
				0BF3DBD62B7C2CB000F1839C /* hippo.mp4 in Resources */,
				0BF3DBD22B7C2CB000F1839C /* rhino.mp4 in Resources */,
				0BF3DBDF2B7C2CDC00F1839C /* videos.json in Resources */,
				0BF3DBD82B7C2CB000F1839C /* giraffe.mp4 in Resources */,
				0BF3DBBE2B7C2ABE00F1839C /* Preview Assets.xcassets in Resources */,
				0BF3DBCF2B7C2CB000F1839C /* lion.mp4 in Resources */,
				0BF3DBD32B7C2CB000F1839C /* gorilla.mp4 in Resources */,
				0BF3DBD42B7C2CB000F1839C /* elephant.mp4 in Resources */,
				0BF3DBE12B7C2CDC00F1839C /* animals.json in Resources */,
				0BF3DBD72B7C2CB000F1839C /* zebra.mp4 in Resources */,
				0BF3DBE02B7C2CDC00F1839C /* covers.json in Resources */,
				0BF3DBD12B7C2CB000F1839C /* lioness.mp4 in Resources */,
				0BF3DBD02B7C2CB000F1839C /* ostrich.mp4 in Resources */,
				0BF3DBBB2B7C2ABE00F1839C /* Assets.xcassets in Resources */,
				0BF3DBD52B7C2CB000F1839C /* cheetah.mp4 in Resources */,
			);
			runOnlyForDeploymentPostprocessing = 0;
		};
/* End PBXResourcesBuildPhase section */

/* Begin PBXSourcesBuildPhase section */
		0BF3DBAF2B7C2ABD00F1839C /* Sources */ = {
			isa = PBXSourcesBuildPhase;
			buildActionMask = 2147483647;
			files = (
				0BF3DBB92B7C2ABD00F1839C /* ContentView.swift in Sources */,
				0BEBD6552B7FD78E00FCE866 /* AnimalListItemView.swift in Sources */,
				0BF3DBEB2B7C2E2900F1839C /* MainView.swift in Sources */,
				0BF3DBEE2B7C2F6C00F1839C /* CoverImageView.swift in Sources */,
				0BF3DBF12B7C311000F1839C /* CoverImageModel.swift in Sources */,
				0BF8E0102B81C91000A4D0F5 /* AnimalDetailView.swift in Sources */,
				0BEBD6572B7FD90A00FCE866 /* AnimalModel.swift in Sources */,
				0BF3DBE72B7C2E1600F1839C /* MapView.swift in Sources */,
				0BF3DBB72B7C2ABD00F1839C /* AfricaApp.swift in Sources */,
				0BF3DBE52B7C2E0A00F1839C /* VideoListView.swift in Sources */,
				0BF3DBE92B7C2E2000F1839C /* GalleryView.swift in Sources */,
				0BF8E0142B81CBF900A4D0F5 /* InsetGalleryView.swift in Sources */,
				0BF3DBF42B7C31E200F1839C /* CodableBundleExtension.swift in Sources */,
				0BF8E0122B81CB3600A4D0F5 /* HeadingView.swift in Sources */,
			);
			runOnlyForDeploymentPostprocessing = 0;
		};
/* End PBXSourcesBuildPhase section */

/* Begin XCBuildConfiguration section */
		0BF3DBBF2B7C2ABE00F1839C /* Debug */ = {
			isa = XCBuildConfiguration;
			buildSettings = {
				ALWAYS_SEARCH_USER_PATHS = NO;
				ASSETCATALOG_COMPILER_GENERATE_SWIFT_ASSET_SYMBOL_EXTENSIONS = YES;
				CLANG_ANALYZER_NONNULL = YES;
				CLANG_ANALYZER_NUMBER_OBJECT_CONVERSION = YES_AGGRESSIVE;
				CLANG_CXX_LANGUAGE_STANDARD = "gnu++20";
				CLANG_ENABLE_MODULES = YES;
				CLANG_ENABLE_OBJC_ARC = YES;
				CLANG_ENABLE_OBJC_WEAK = YES;
				CLANG_WARN_BLOCK_CAPTURE_AUTORELEASING = YES;
				CLANG_WARN_BOOL_CONVERSION = YES;
				CLANG_WARN_COMMA = YES;
				CLANG_WARN_CONSTANT_CONVERSION = YES;
				CLANG_WARN_DEPRECATED_OBJC_IMPLEMENTATIONS = YES;
				CLANG_WARN_DIRECT_OBJC_ISA_USAGE = YES_ERROR;
				CLANG_WARN_DOCUMENTATION_COMMENTS = YES;
				CLANG_WARN_EMPTY_BODY = YES;
				CLANG_WARN_ENUM_CONVERSION = YES;
				CLANG_WARN_INFINITE_RECURSION = YES;
				CLANG_WARN_INT_CONVERSION = YES;
				CLANG_WARN_NON_LITERAL_NULL_CONVERSION = YES;
				CLANG_WARN_OBJC_IMPLICIT_RETAIN_SELF = YES;
				CLANG_WARN_OBJC_LITERAL_CONVERSION = YES;
				CLANG_WARN_OBJC_ROOT_CLASS = YES_ERROR;
				CLANG_WARN_QUOTED_INCLUDE_IN_FRAMEWORK_HEADER = YES;
				CLANG_WARN_RANGE_LOOP_ANALYSIS = YES;
				CLANG_WARN_STRICT_PROTOTYPES = YES;
				CLANG_WARN_SUSPICIOUS_MOVE = YES;
				CLANG_WARN_UNGUARDED_AVAILABILITY = YES_AGGRESSIVE;
				CLANG_WARN_UNREACHABLE_CODE = YES;
				CLANG_WARN__DUPLICATE_METHOD_MATCH = YES;
				COPY_PHASE_STRIP = NO;
				DEBUG_INFORMATION_FORMAT = dwarf;
				ENABLE_STRICT_OBJC_MSGSEND = YES;
				ENABLE_TESTABILITY = YES;
				ENABLE_USER_SCRIPT_SANDBOXING = YES;
				GCC_C_LANGUAGE_STANDARD = gnu17;
				GCC_DYNAMIC_NO_PIC = NO;
				GCC_NO_COMMON_BLOCKS = YES;
				GCC_OPTIMIZATION_LEVEL = 0;
				GCC_PREPROCESSOR_DEFINITIONS = (
					"DEBUG=1",
					"$(inherited)",
				);
				GCC_WARN_64_TO_32_BIT_CONVERSION = YES;
				GCC_WARN_ABOUT_RETURN_TYPE = YES_ERROR;
				GCC_WARN_UNDECLARED_SELECTOR = YES;
				GCC_WARN_UNINITIALIZED_AUTOS = YES_AGGRESSIVE;
				GCC_WARN_UNUSED_FUNCTION = YES;
				GCC_WARN_UNUSED_VARIABLE = YES;
				IPHONEOS_DEPLOYMENT_TARGET = 17.2;
				LOCALIZATION_PREFERS_STRING_CATALOGS = YES;
				MTL_ENABLE_DEBUG_INFO = INCLUDE_SOURCE;
				MTL_FAST_MATH = YES;
				ONLY_ACTIVE_ARCH = YES;
				SDKROOT = iphoneos;
				SWIFT_ACTIVE_COMPILATION_CONDITIONS = "DEBUG $(inherited)";
				SWIFT_OPTIMIZATION_LEVEL = "-Onone";
			};
			name = Debug;
		};
		0BF3DBC02B7C2ABE00F1839C /* Release */ = {
			isa = XCBuildConfiguration;
			buildSettings = {
				ALWAYS_SEARCH_USER_PATHS = NO;
				ASSETCATALOG_COMPILER_GENERATE_SWIFT_ASSET_SYMBOL_EXTENSIONS = YES;
				CLANG_ANALYZER_NONNULL = YES;
				CLANG_ANALYZER_NUMBER_OBJECT_CONVERSION = YES_AGGRESSIVE;
				CLANG_CXX_LANGUAGE_STANDARD = "gnu++20";
				CLANG_ENABLE_MODULES = YES;
				CLANG_ENABLE_OBJC_ARC = YES;
				CLANG_ENABLE_OBJC_WEAK = YES;
				CLANG_WARN_BLOCK_CAPTURE_AUTORELEASING = YES;
				CLANG_WARN_BOOL_CONVERSION = YES;
				CLANG_WARN_COMMA = YES;
				CLANG_WARN_CONSTANT_CONVERSION = YES;
				CLANG_WARN_DEPRECATED_OBJC_IMPLEMENTATIONS = YES;
				CLANG_WARN_DIRECT_OBJC_ISA_USAGE = YES_ERROR;
				CLANG_WARN_DOCUMENTATION_COMMENTS = YES;
				CLANG_WARN_EMPTY_BODY = YES;
				CLANG_WARN_ENUM_CONVERSION = YES;
				CLANG_WARN_INFINITE_RECURSION = YES;
				CLANG_WARN_INT_CONVERSION = YES;
				CLANG_WARN_NON_LITERAL_NULL_CONVERSION = YES;
				CLANG_WARN_OBJC_IMPLICIT_RETAIN_SELF = YES;
				CLANG_WARN_OBJC_LITERAL_CONVERSION = YES;
				CLANG_WARN_OBJC_ROOT_CLASS = YES_ERROR;
				CLANG_WARN_QUOTED_INCLUDE_IN_FRAMEWORK_HEADER = YES;
				CLANG_WARN_RANGE_LOOP_ANALYSIS = YES;
				CLANG_WARN_STRICT_PROTOTYPES = YES;
				CLANG_WARN_SUSPICIOUS_MOVE = YES;
				CLANG_WARN_UNGUARDED_AVAILABILITY = YES_AGGRESSIVE;
				CLANG_WARN_UNREACHABLE_CODE = YES;
				CLANG_WARN__DUPLICATE_METHOD_MATCH = YES;
				COPY_PHASE_STRIP = NO;
				DEBUG_INFORMATION_FORMAT = "dwarf-with-dsym";
				ENABLE_NS_ASSERTIONS = NO;
				ENABLE_STRICT_OBJC_MSGSEND = YES;
				ENABLE_USER_SCRIPT_SANDBOXING = YES;
				GCC_C_LANGUAGE_STANDARD = gnu17;
				GCC_NO_COMMON_BLOCKS = YES;
				GCC_WARN_64_TO_32_BIT_CONVERSION = YES;
				GCC_WARN_ABOUT_RETURN_TYPE = YES_ERROR;
				GCC_WARN_UNDECLARED_SELECTOR = YES;
				GCC_WARN_UNINITIALIZED_AUTOS = YES_AGGRESSIVE;
				GCC_WARN_UNUSED_FUNCTION = YES;
				GCC_WARN_UNUSED_VARIABLE = YES;
				IPHONEOS_DEPLOYMENT_TARGET = 17.2;
				LOCALIZATION_PREFERS_STRING_CATALOGS = YES;
				MTL_ENABLE_DEBUG_INFO = NO;
				MTL_FAST_MATH = YES;
				SDKROOT = iphoneos;
				SWIFT_COMPILATION_MODE = wholemodule;
				VALIDATE_PRODUCT = YES;
			};
			name = Release;
		};
		0BF3DBC22B7C2ABE00F1839C /* Debug */ = {
			isa = XCBuildConfiguration;
			buildSettings = {
				ASSETCATALOG_COMPILER_APPICON_NAME = AppIcon;
				ASSETCATALOG_COMPILER_GLOBAL_ACCENT_COLOR_NAME = AccentColor;
				CODE_SIGN_STYLE = Automatic;
				CURRENT_PROJECT_VERSION = 1;
				DEVELOPMENT_ASSET_PATHS = "\"Africa/Preview Content\"";
				DEVELOPMENT_TEAM = 72VA36Y4H8;
				ENABLE_PREVIEWS = YES;
				GENERATE_INFOPLIST_FILE = YES;
				INFOPLIST_FILE = Africa/Info.plist;
				INFOPLIST_KEY_UIApplicationSceneManifest_Generation = YES;
				INFOPLIST_KEY_UIApplicationSupportsIndirectInputEvents = YES;
				INFOPLIST_KEY_UISupportedInterfaceOrientations_iPad = "UIInterfaceOrientationPortrait UIInterfaceOrientationPortraitUpsideDown UIInterfaceOrientationLandscapeLeft UIInterfaceOrientationLandscapeRight";
				INFOPLIST_KEY_UISupportedInterfaceOrientations_iPhone = "UIInterfaceOrientationPortrait UIInterfaceOrientationLandscapeLeft UIInterfaceOrientationLandscapeRight";
				INFOPLIST_KEY_UIUserInterfaceStyle = Dark;
				LD_RUNPATH_SEARCH_PATHS = (
					"$(inherited)",
					"@executable_path/Frameworks",
				);
				MARKETING_VERSION = 1.0;
				PRODUCT_BUNDLE_IDENTIFIER = com.karthikpalusa.Africa;
				PRODUCT_NAME = "$(TARGET_NAME)";
				SWIFT_EMIT_LOC_STRINGS = YES;
				SWIFT_VERSION = 5.0;
				TARGETED_DEVICE_FAMILY = "1,2";
			};
			name = Debug;
		};
		0BF3DBC32B7C2ABE00F1839C /* Release */ = {
			isa = XCBuildConfiguration;
			buildSettings = {
				ASSETCATALOG_COMPILER_APPICON_NAME = AppIcon;
				ASSETCATALOG_COMPILER_GLOBAL_ACCENT_COLOR_NAME = AccentColor;
				CODE_SIGN_STYLE = Automatic;
				CURRENT_PROJECT_VERSION = 1;
				DEVELOPMENT_ASSET_PATHS = "\"Africa/Preview Content\"";
				DEVELOPMENT_TEAM = 72VA36Y4H8;
				ENABLE_PREVIEWS = YES;
				GENERATE_INFOPLIST_FILE = YES;
				INFOPLIST_FILE = Africa/Info.plist;
				INFOPLIST_KEY_UIApplicationSceneManifest_Generation = YES;
				INFOPLIST_KEY_UIApplicationSupportsIndirectInputEvents = YES;
				INFOPLIST_KEY_UISupportedInterfaceOrientations_iPad = "UIInterfaceOrientationPortrait UIInterfaceOrientationPortraitUpsideDown UIInterfaceOrientationLandscapeLeft UIInterfaceOrientationLandscapeRight";
				INFOPLIST_KEY_UISupportedInterfaceOrientations_iPhone = "UIInterfaceOrientationPortrait UIInterfaceOrientationLandscapeLeft UIInterfaceOrientationLandscapeRight";
				INFOPLIST_KEY_UIUserInterfaceStyle = Dark;
				LD_RUNPATH_SEARCH_PATHS = (
					"$(inherited)",
					"@executable_path/Frameworks",
				);
				MARKETING_VERSION = 1.0;
				PRODUCT_BUNDLE_IDENTIFIER = com.karthikpalusa.Africa;
				PRODUCT_NAME = "$(TARGET_NAME)";
				SWIFT_EMIT_LOC_STRINGS = YES;
				SWIFT_VERSION = 5.0;
				TARGETED_DEVICE_FAMILY = "1,2";
			};
			name = Release;
		};
/* End XCBuildConfiguration section */

/* Begin XCConfigurationList section */
		0BF3DBAE2B7C2ABC00F1839C /* Build configuration list for PBXProject "Africa" */ = {
			isa = XCConfigurationList;
			buildConfigurations = (
				0BF3DBBF2B7C2ABE00F1839C /* Debug */,
				0BF3DBC02B7C2ABE00F1839C /* Release */,
			);
			defaultConfigurationIsVisible = 0;
			defaultConfigurationName = Release;
		};
		0BF3DBC12B7C2ABE00F1839C /* Build configuration list for PBXNativeTarget "Africa" */ = {
			isa = XCConfigurationList;
			buildConfigurations = (
				0BF3DBC22B7C2ABE00F1839C /* Debug */,
				0BF3DBC32B7C2ABE00F1839C /* Release */,
			);
			defaultConfigurationIsVisible = 0;
			defaultConfigurationName = Release;
		};
/* End XCConfigurationList section */
	};
	rootObject = 0BF3DBAB2B7C2ABC00F1839C /* Project object */;
}
