// !$*UTF8*$!
{
	archiveVersion = 1;
	classes = {
	};
	objectVersion = 56;
	objects = {

/* Begin PBXBuildFile section */
		0B2834E02B7336500043D3D5 /* FruitsApp.swift in Sources */ = {isa = PBXBuildFile; fileRef = 0B2834DF2B7336500043D3D5 /* FruitsApp.swift */; };
		0B2834E22B7336500043D3D5 /* ContentView.swift in Sources */ = {isa = PBXBuildFile; fileRef = 0B2834E12B7336500043D3D5 /* ContentView.swift */; };
		0B2834E42B7336510043D3D5 /* Assets.xcassets in Resources */ = {isa = PBXBuildFile; fileRef = 0B2834E32B7336510043D3D5 /* Assets.xcassets */; };
		0B2834E72B7336510043D3D5 /* Preview Assets.xcassets in Resources */ = {isa = PBXBuildFile; fileRef = 0B2834E62B7336510043D3D5 /* Preview Assets.xcassets */; };
		0B4459262B7B154800E7541D /* SettingsView.swift in Sources */ = {isa = PBXBuildFile; fileRef = 0B4459252B7B154800E7541D /* SettingsView.swift */; };
		0B4459282B7B1AF700E7541D /* SettingsLabelView.swift in Sources */ = {isa = PBXBuildFile; fileRef = 0B4459272B7B1AF700E7541D /* SettingsLabelView.swift */; };
		0BAA1E782B745E1900B34825 /* FruitCardView.swift in Sources */ = {isa = PBXBuildFile; fileRef = 0BAA1E772B745E1900B34825 /* FruitCardView.swift */; };
		0BAA1E7A2B7460A800B34825 /* StartButtonView.swift in Sources */ = {isa = PBXBuildFile; fileRef = 0BAA1E792B7460A800B34825 /* StartButtonView.swift */; };
		0BAA1E7C2B74628000B34825 /* OnboardingView.swift in Sources */ = {isa = PBXBuildFile; fileRef = 0BAA1E7B2B74628000B34825 /* OnboardingView.swift */; };
		0BAA1E7F2B7463F100B34825 /* FruitModel.swift in Sources */ = {isa = PBXBuildFile; fileRef = 0BAA1E7E2B7463F100B34825 /* FruitModel.swift */; };
		0BAA1E832B74649400B34825 /* FruitData.swift in Sources */ = {isa = PBXBuildFile; fileRef = 0BAA1E822B74649400B34825 /* FruitData.swift */; };
		0BB2AD622B7881C5002016D8 /* FruitRowView.swift in Sources */ = {isa = PBXBuildFile; fileRef = 0BB2AD612B7881C5002016D8 /* FruitRowView.swift */; };
		0BEB01402B7985B5007EDA7F /* FruitDetailView.swift in Sources */ = {isa = PBXBuildFile; fileRef = 0BEB013F2B7985B5007EDA7F /* FruitDetailView.swift */; };
		0BEB01422B7987F9007EDA7F /* FruitHeaderView.swift in Sources */ = {isa = PBXBuildFile; fileRef = 0BEB01412B7987F9007EDA7F /* FruitHeaderView.swift */; };
		0BEB01442B798997007EDA7F /* SourceLinkView.swift in Sources */ = {isa = PBXBuildFile; fileRef = 0BEB01432B798997007EDA7F /* SourceLinkView.swift */; };
		0BEB01462B798B19007EDA7F /* FruitNutrientView.swift in Sources */ = {isa = PBXBuildFile; fileRef = 0BEB01452B798B19007EDA7F /* FruitNutrientView.swift */; };
		0BF3DBA92B7C000F00F1839C /* SettingsRowView.swift in Sources */ = {isa = PBXBuildFile; fileRef = 0BF3DBA82B7C000F00F1839C /* SettingsRowView.swift */; };
/* End PBXBuildFile section */

/* Begin PBXFileReference section */
		0B2834DC2B7336500043D3D5 /* Fruits.app */ = {isa = PBXFileReference; explicitFileType = wrapper.application; includeInIndex = 0; path = Fruits.app; sourceTree = BUILT_PRODUCTS_DIR; };
		0B2834DF2B7336500043D3D5 /* FruitsApp.swift */ = {isa = PBXFileReference; lastKnownFileType = sourcecode.swift; path = FruitsApp.swift; sourceTree = "<group>"; };
		0B2834E12B7336500043D3D5 /* ContentView.swift */ = {isa = PBXFileReference; lastKnownFileType = sourcecode.swift; path = ContentView.swift; sourceTree = "<group>"; };
		0B2834E32B7336510043D3D5 /* Assets.xcassets */ = {isa = PBXFileReference; lastKnownFileType = folder.assetcatalog; path = Assets.xcassets; sourceTree = "<group>"; };
		0B2834E62B7336510043D3D5 /* Preview Assets.xcassets */ = {isa = PBXFileReference; lastKnownFileType = folder.assetcatalog; path = "Preview Assets.xcassets"; sourceTree = "<group>"; };
		0B4459252B7B154800E7541D /* SettingsView.swift */ = {isa = PBXFileReference; lastKnownFileType = sourcecode.swift; path = SettingsView.swift; sourceTree = "<group>"; };
		0B4459272B7B1AF700E7541D /* SettingsLabelView.swift */ = {isa = PBXFileReference; lastKnownFileType = sourcecode.swift; path = SettingsLabelView.swift; sourceTree = "<group>"; };
		0BAA1E772B745E1900B34825 /* FruitCardView.swift */ = {isa = PBXFileReference; lastKnownFileType = sourcecode.swift; path = FruitCardView.swift; sourceTree = "<group>"; };
		0BAA1E792B7460A800B34825 /* StartButtonView.swift */ = {isa = PBXFileReference; lastKnownFileType = sourcecode.swift; path = StartButtonView.swift; sourceTree = "<group>"; };
		0BAA1E7B2B74628000B34825 /* OnboardingView.swift */ = {isa = PBXFileReference; lastKnownFileType = sourcecode.swift; path = OnboardingView.swift; sourceTree = "<group>"; };
		0BAA1E7E2B7463F100B34825 /* FruitModel.swift */ = {isa = PBXFileReference; lastKnownFileType = sourcecode.swift; path = FruitModel.swift; sourceTree = "<group>"; };
		0BAA1E822B74649400B34825 /* FruitData.swift */ = {isa = PBXFileReference; lastKnownFileType = sourcecode.swift; path = FruitData.swift; sourceTree = "<group>"; };
		0BB2AD612B7881C5002016D8 /* FruitRowView.swift */ = {isa = PBXFileReference; lastKnownFileType = sourcecode.swift; path = FruitRowView.swift; sourceTree = "<group>"; };
		0BEB013F2B7985B5007EDA7F /* FruitDetailView.swift */ = {isa = PBXFileReference; lastKnownFileType = sourcecode.swift; path = FruitDetailView.swift; sourceTree = "<group>"; };
		0BEB01412B7987F9007EDA7F /* FruitHeaderView.swift */ = {isa = PBXFileReference; lastKnownFileType = sourcecode.swift; path = FruitHeaderView.swift; sourceTree = "<group>"; };
		0BEB01432B798997007EDA7F /* SourceLinkView.swift */ = {isa = PBXFileReference; lastKnownFileType = sourcecode.swift; path = SourceLinkView.swift; sourceTree = "<group>"; };
		0BEB01452B798B19007EDA7F /* FruitNutrientView.swift */ = {isa = PBXFileReference; lastKnownFileType = sourcecode.swift; path = FruitNutrientView.swift; sourceTree = "<group>"; };
		0BF3DBA82B7C000F00F1839C /* SettingsRowView.swift */ = {isa = PBXFileReference; lastKnownFileType = sourcecode.swift; path = SettingsRowView.swift; sourceTree = "<group>"; };
/* End PBXFileReference section */

/* Begin PBXFrameworksBuildPhase section */
		0B2834D92B7336500043D3D5 /* Frameworks */ = {
			isa = PBXFrameworksBuildPhase;
			buildActionMask = 2147483647;
			files = (
			);
			runOnlyForDeploymentPostprocessing = 0;
		};
/* End PBXFrameworksBuildPhase section */

/* Begin PBXGroup section */
		0B2834D32B7336500043D3D5 = {
			isa = PBXGroup;
			children = (
				0B2834DE2B7336500043D3D5 /* Fruits */,
				0B2834DD2B7336500043D3D5 /* Products */,
			);
			sourceTree = "<group>";
		};
		0B2834DD2B7336500043D3D5 /* Products */ = {
			isa = PBXGroup;
			children = (
				0B2834DC2B7336500043D3D5 /* Fruits.app */,
			);
			name = Products;
			sourceTree = "<group>";
		};
		0B2834DE2B7336500043D3D5 /* Fruits */ = {
			isa = PBXGroup;
			children = (
				0BAA1E812B74648700B34825 /* Data */,
				0BAA1E7D2B7463E000B34825 /* Model */,
				0BAA1E762B745DFC00B34825 /* View */,
				0BAA1E752B745DD500B34825 /* App */,
				0B2834E32B7336510043D3D5 /* Assets.xcassets */,
				0B2834E52B7336510043D3D5 /* Preview Content */,
			);
			path = Fruits;
			sourceTree = "<group>";
		};
		0B2834E52B7336510043D3D5 /* Preview Content */ = {
			isa = PBXGroup;
			children = (
				0B2834E62B7336510043D3D5 /* Preview Assets.xcassets */,
			);
			path = "Preview Content";
			sourceTree = "<group>";
		};
		0BAA1E752B745DD500B34825 /* App */ = {
			isa = PBXGroup;
			children = (
				0B2834DF2B7336500043D3D5 /* FruitsApp.swift */,
				0B2834E12B7336500043D3D5 /* ContentView.swift */,
				0BAA1E7B2B74628000B34825 /* OnboardingView.swift */,
				0BEB013F2B7985B5007EDA7F /* FruitDetailView.swift */,
				0B4459252B7B154800E7541D /* SettingsView.swift */,
			);
			path = App;
			sourceTree = "<group>";
		};
		0BAA1E762B745DFC00B34825 /* View */ = {
			isa = PBXGroup;
			children = (
				0BAA1E772B745E1900B34825 /* FruitCardView.swift */,
				0BAA1E792B7460A800B34825 /* StartButtonView.swift */,
				0BB2AD612B7881C5002016D8 /* FruitRowView.swift */,
				0BEB01412B7987F9007EDA7F /* FruitHeaderView.swift */,
				0BEB01432B798997007EDA7F /* SourceLinkView.swift */,
				0BEB01452B798B19007EDA7F /* FruitNutrientView.swift */,
				0B4459272B7B1AF700E7541D /* SettingsLabelView.swift */,
				0BF3DBA82B7C000F00F1839C /* SettingsRowView.swift */,
			);
			path = View;
			sourceTree = "<group>";
		};
		0BAA1E7D2B7463E000B34825 /* Model */ = {
			isa = PBXGroup;
			children = (
				0BAA1E7E2B7463F100B34825 /* FruitModel.swift */,
			);
			path = Model;
			sourceTree = "<group>";
		};
		0BAA1E812B74648700B34825 /* Data */ = {
			isa = PBXGroup;
			children = (
				0BAA1E822B74649400B34825 /* FruitData.swift */,
			);
			path = Data;
			sourceTree = "<group>";
		};
/* End PBXGroup section */

/* Begin PBXNativeTarget section */
		0B2834DB2B7336500043D3D5 /* Fruits */ = {
			isa = PBXNativeTarget;
			buildConfigurationList = 0B2834EA2B7336510043D3D5 /* Build configuration list for PBXNativeTarget "Fruits" */;
			buildPhases = (
				0B2834D82B7336500043D3D5 /* Sources */,
				0B2834D92B7336500043D3D5 /* Frameworks */,
				0B2834DA2B7336500043D3D5 /* Resources */,
			);
			buildRules = (
			);
			dependencies = (
			);
			name = Fruits;
			productName = Fruits;
			productReference = 0B2834DC2B7336500043D3D5 /* Fruits.app */;
			productType = "com.apple.product-type.application";
		};
/* End PBXNativeTarget section */

/* Begin PBXProject section */
		0B2834D42B7336500043D3D5 /* Project object */ = {
			isa = PBXProject;
			attributes = {
				BuildIndependentTargetsInParallel = 1;
				LastSwiftUpdateCheck = 1520;
				LastUpgradeCheck = 1520;
				TargetAttributes = {
					0B2834DB2B7336500043D3D5 = {
						CreatedOnToolsVersion = 15.2;
					};
				};
			};
			buildConfigurationList = 0B2834D72B7336500043D3D5 /* Build configuration list for PBXProject "Fruits" */;
			compatibilityVersion = "Xcode 14.0";
			developmentRegion = en;
			hasScannedForEncodings = 0;
			knownRegions = (
				en,
				Base,
			);
			mainGroup = 0B2834D32B7336500043D3D5;
			productRefGroup = 0B2834DD2B7336500043D3D5 /* Products */;
			projectDirPath = "";
			projectRoot = "";
			targets = (
				0B2834DB2B7336500043D3D5 /* Fruits */,
			);
		};
/* End PBXProject section */

/* Begin PBXResourcesBuildPhase section */
		0B2834DA2B7336500043D3D5 /* Resources */ = {
			isa = PBXResourcesBuildPhase;
			buildActionMask = 2147483647;
			files = (
				0B2834E72B7336510043D3D5 /* Preview Assets.xcassets in Resources */,
				0B2834E42B7336510043D3D5 /* Assets.xcassets in Resources */,
			);
			runOnlyForDeploymentPostprocessing = 0;
		};
/* End PBXResourcesBuildPhase section */

/* Begin PBXSourcesBuildPhase section */
		0B2834D82B7336500043D3D5 /* Sources */ = {
			isa = PBXSourcesBuildPhase;
			buildActionMask = 2147483647;
			files = (
				0BAA1E832B74649400B34825 /* FruitData.swift in Sources */,
				0BEB01442B798997007EDA7F /* SourceLinkView.swift in Sources */,
				0BF3DBA92B7C000F00F1839C /* SettingsRowView.swift in Sources */,
				0BAA1E782B745E1900B34825 /* FruitCardView.swift in Sources */,
				0BB2AD622B7881C5002016D8 /* FruitRowView.swift in Sources */,
				0BAA1E7A2B7460A800B34825 /* StartButtonView.swift in Sources */,
				0BEB01402B7985B5007EDA7F /* FruitDetailView.swift in Sources */,
				0B2834E22B7336500043D3D5 /* ContentView.swift in Sources */,
				0BEB01422B7987F9007EDA7F /* FruitHeaderView.swift in Sources */,
				0BEB01462B798B19007EDA7F /* FruitNutrientView.swift in Sources */,
				0BAA1E7C2B74628000B34825 /* OnboardingView.swift in Sources */,
				0BAA1E7F2B7463F100B34825 /* FruitModel.swift in Sources */,
				0B2834E02B7336500043D3D5 /* FruitsApp.swift in Sources */,
				0B4459262B7B154800E7541D /* SettingsView.swift in Sources */,
				0B4459282B7B1AF700E7541D /* SettingsLabelView.swift in Sources */,
			);
			runOnlyForDeploymentPostprocessing = 0;
		};
/* End PBXSourcesBuildPhase section */

/* Begin XCBuildConfiguration section */
		0B2834E82B7336510043D3D5 /* Debug */ = {
			isa = XCBuildConfiguration;
			buildSettings = {
				ALWAYS_SEARCH_USER_PATHS = NO;
				ASSETCATALOG_COMPILER_GENERATE_SWIFT_ASSET_SYMBOL_EXTENSIONS = YES;
				CLANG_ANALYZER_NONNULL = YES;
				CLANG_ANALYZER_NUMBER_OBJECT_CONVERSION = YES_AGGRESSIVE;
				CLANG_CXX_LANGUAGE_STANDARD = "gnu++20";
				CLANG_ENABLE_MODULES = YES;
				CLANG_ENABLE_OBJC_ARC = YES;
				CLANG_ENABLE_OBJC_WEAK = YES;
				CLANG_WARN_BLOCK_CAPTURE_AUTORELEASING = YES;
				CLANG_WARN_BOOL_CONVERSION = YES;
				CLANG_WARN_COMMA = YES;
				CLANG_WARN_CONSTANT_CONVERSION = YES;
				CLANG_WARN_DEPRECATED_OBJC_IMPLEMENTATIONS = YES;
				CLANG_WARN_DIRECT_OBJC_ISA_USAGE = YES_ERROR;
				CLANG_WARN_DOCUMENTATION_COMMENTS = YES;
				CLANG_WARN_EMPTY_BODY = YES;
				CLANG_WARN_ENUM_CONVERSION = YES;
				CLANG_WARN_INFINITE_RECURSION = YES;
				CLANG_WARN_INT_CONVERSION = YES;
				CLANG_WARN_NON_LITERAL_NULL_CONVERSION = YES;
				CLANG_WARN_OBJC_IMPLICIT_RETAIN_SELF = YES;
				CLANG_WARN_OBJC_LITERAL_CONVERSION = YES;
				CLANG_WARN_OBJC_ROOT_CLASS = YES_ERROR;
				CLANG_WARN_QUOTED_INCLUDE_IN_FRAMEWORK_HEADER = YES;
				CLANG_WARN_RANGE_LOOP_ANALYSIS = YES;
				CLANG_WARN_STRICT_PROTOTYPES = YES;
				CLANG_WARN_SUSPICIOUS_MOVE = YES;
				CLANG_WARN_UNGUARDED_AVAILABILITY = YES_AGGRESSIVE;
				CLANG_WARN_UNREACHABLE_CODE = YES;
				CLANG_WARN__DUPLICATE_METHOD_MATCH = YES;
				COPY_PHASE_STRIP = NO;
				DEBUG_INFORMATION_FORMAT = dwarf;
				ENABLE_STRICT_OBJC_MSGSEND = YES;
				ENABLE_TESTABILITY = YES;
				ENABLE_USER_SCRIPT_SANDBOXING = YES;
				GCC_C_LANGUAGE_STANDARD = gnu17;
				GCC_DYNAMIC_NO_PIC = NO;
				GCC_NO_COMMON_BLOCKS = YES;
				GCC_OPTIMIZATION_LEVEL = 0;
				GCC_PREPROCESSOR_DEFINITIONS = (
					"DEBUG=1",
					"$(inherited)",
				);
				GCC_WARN_64_TO_32_BIT_CONVERSION = YES;
				GCC_WARN_ABOUT_RETURN_TYPE = YES_ERROR;
				GCC_WARN_UNDECLARED_SELECTOR = YES;
				GCC_WARN_UNINITIALIZED_AUTOS = YES_AGGRESSIVE;
				GCC_WARN_UNUSED_FUNCTION = YES;
				GCC_WARN_UNUSED_VARIABLE = YES;
				IPHONEOS_DEPLOYMENT_TARGET = 17.2;
				LOCALIZATION_PREFERS_STRING_CATALOGS = YES;
				MTL_ENABLE_DEBUG_INFO = INCLUDE_SOURCE;
				MTL_FAST_MATH = YES;
				ONLY_ACTIVE_ARCH = YES;
				SDKROOT = iphoneos;
				SWIFT_ACTIVE_COMPILATION_CONDITIONS = "DEBUG $(inherited)";
				SWIFT_OPTIMIZATION_LEVEL = "-Onone";
			};
			name = Debug;
		};
		0B2834E92B7336510043D3D5 /* Release */ = {
			isa = XCBuildConfiguration;
			buildSettings = {
				ALWAYS_SEARCH_USER_PATHS = NO;
				ASSETCATALOG_COMPILER_GENERATE_SWIFT_ASSET_SYMBOL_EXTENSIONS = YES;
				CLANG_ANALYZER_NONNULL = YES;
				CLANG_ANALYZER_NUMBER_OBJECT_CONVERSION = YES_AGGRESSIVE;
				CLANG_CXX_LANGUAGE_STANDARD = "gnu++20";
				CLANG_ENABLE_MODULES = YES;
				CLANG_ENABLE_OBJC_ARC = YES;
				CLANG_ENABLE_OBJC_WEAK = YES;
				CLANG_WARN_BLOCK_CAPTURE_AUTORELEASING = YES;
				CLANG_WARN_BOOL_CONVERSION = YES;
				CLANG_WARN_COMMA = YES;
				CLANG_WARN_CONSTANT_CONVERSION = YES;
				CLANG_WARN_DEPRECATED_OBJC_IMPLEMENTATIONS = YES;
				CLANG_WARN_DIRECT_OBJC_ISA_USAGE = YES_ERROR;
				CLANG_WARN_DOCUMENTATION_COMMENTS = YES;
				CLANG_WARN_EMPTY_BODY = YES;
				CLANG_WARN_ENUM_CONVERSION = YES;
				CLANG_WARN_INFINITE_RECURSION = YES;
				CLANG_WARN_INT_CONVERSION = YES;
				CLANG_WARN_NON_LITERAL_NULL_CONVERSION = YES;
				CLANG_WARN_OBJC_IMPLICIT_RETAIN_SELF = YES;
				CLANG_WARN_OBJC_LITERAL_CONVERSION = YES;
				CLANG_WARN_OBJC_ROOT_CLASS = YES_ERROR;
				CLANG_WARN_QUOTED_INCLUDE_IN_FRAMEWORK_HEADER = YES;
				CLANG_WARN_RANGE_LOOP_ANALYSIS = YES;
				CLANG_WARN_STRICT_PROTOTYPES = YES;
				CLANG_WARN_SUSPICIOUS_MOVE = YES;
				CLANG_WARN_UNGUARDED_AVAILABILITY = YES_AGGRESSIVE;
				CLANG_WARN_UNREACHABLE_CODE = YES;
				CLANG_WARN__DUPLICATE_METHOD_MATCH = YES;
				COPY_PHASE_STRIP = NO;
				DEBUG_INFORMATION_FORMAT = "dwarf-with-dsym";
				ENABLE_NS_ASSERTIONS = NO;
				ENABLE_STRICT_OBJC_MSGSEND = YES;
				ENABLE_USER_SCRIPT_SANDBOXING = YES;
				GCC_C_LANGUAGE_STANDARD = gnu17;
				GCC_NO_COMMON_BLOCKS = YES;
				GCC_WARN_64_TO_32_BIT_CONVERSION = YES;
				GCC_WARN_ABOUT_RETURN_TYPE = YES_ERROR;
				GCC_WARN_UNDECLARED_SELECTOR = YES;
				GCC_WARN_UNINITIALIZED_AUTOS = YES_AGGRESSIVE;
				GCC_WARN_UNUSED_FUNCTION = YES;
				GCC_WARN_UNUSED_VARIABLE = YES;
				IPHONEOS_DEPLOYMENT_TARGET = 17.2;
				LOCALIZATION_PREFERS_STRING_CATALOGS = YES;
				MTL_ENABLE_DEBUG_INFO = NO;
				MTL_FAST_MATH = YES;
				SDKROOT = iphoneos;
				SWIFT_COMPILATION_MODE = wholemodule;
				VALIDATE_PRODUCT = YES;
			};
			name = Release;
		};
		0B2834EB2B7336510043D3D5 /* Debug */ = {
			isa = XCBuildConfiguration;
			buildSettings = {
				ASSETCATALOG_COMPILER_APPICON_NAME = AppIcon;
				ASSETCATALOG_COMPILER_GLOBAL_ACCENT_COLOR_NAME = AccentColor;
				CODE_SIGN_STYLE = Automatic;
				CURRENT_PROJECT_VERSION = 1;
				DEVELOPMENT_ASSET_PATHS = "\"Fruits/Preview Content\"";
				DEVELOPMENT_TEAM = 72VA36Y4H8;
				ENABLE_PREVIEWS = YES;
				GENERATE_INFOPLIST_FILE = YES;
				INFOPLIST_KEY_UIApplicationSceneManifest_Generation = YES;
				INFOPLIST_KEY_UIApplicationSupportsIndirectInputEvents = YES;
				INFOPLIST_KEY_UILaunchScreen_Generation = YES;
				INFOPLIST_KEY_UISupportedInterfaceOrientations_iPad = "UIInterfaceOrientationPortrait UIInterfaceOrientationPortraitUpsideDown UIInterfaceOrientationLandscapeLeft UIInterfaceOrientationLandscapeRight";
				INFOPLIST_KEY_UISupportedInterfaceOrientations_iPhone = "UIInterfaceOrientationPortrait UIInterfaceOrientationLandscapeLeft UIInterfaceOrientationLandscapeRight";
				LD_RUNPATH_SEARCH_PATHS = (
					"$(inherited)",
					"@executable_path/Frameworks",
				);
				MARKETING_VERSION = 1.0;
				PRODUCT_BUNDLE_IDENTIFIER = com.karthikpalusa.Fruits;
				PRODUCT_NAME = "$(TARGET_NAME)";
				SWIFT_EMIT_LOC_STRINGS = YES;
				SWIFT_VERSION = 5.0;
				TARGETED_DEVICE_FAMILY = "1,2";
			};
			name = Debug;
		};
		0B2834EC2B7336510043D3D5 /* Release */ = {
			isa = XCBuildConfiguration;
			buildSettings = {
				ASSETCATALOG_COMPILER_APPICON_NAME = AppIcon;
				ASSETCATALOG_COMPILER_GLOBAL_ACCENT_COLOR_NAME = AccentColor;
				CODE_SIGN_STYLE = Automatic;
				CURRENT_PROJECT_VERSION = 1;
				DEVELOPMENT_ASSET_PATHS = "\"Fruits/Preview Content\"";
				DEVELOPMENT_TEAM = 72VA36Y4H8;
				ENABLE_PREVIEWS = YES;
				GENERATE_INFOPLIST_FILE = YES;
				INFOPLIST_KEY_UIApplicationSceneManifest_Generation = YES;
				INFOPLIST_KEY_UIApplicationSupportsIndirectInputEvents = YES;
				INFOPLIST_KEY_UILaunchScreen_Generation = YES;
				INFOPLIST_KEY_UISupportedInterfaceOrientations_iPad = "UIInterfaceOrientationPortrait UIInterfaceOrientationPortraitUpsideDown UIInterfaceOrientationLandscapeLeft UIInterfaceOrientationLandscapeRight";
				INFOPLIST_KEY_UISupportedInterfaceOrientations_iPhone = "UIInterfaceOrientationPortrait UIInterfaceOrientationLandscapeLeft UIInterfaceOrientationLandscapeRight";
				LD_RUNPATH_SEARCH_PATHS = (
					"$(inherited)",
					"@executable_path/Frameworks",
				);
				MARKETING_VERSION = 1.0;
				PRODUCT_BUNDLE_IDENTIFIER = com.karthikpalusa.Fruits;
				PRODUCT_NAME = "$(TARGET_NAME)";
				SWIFT_EMIT_LOC_STRINGS = YES;
				SWIFT_VERSION = 5.0;
				TARGETED_DEVICE_FAMILY = "1,2";
			};
			name = Release;
		};
/* End XCBuildConfiguration section */

/* Begin XCConfigurationList section */
		0B2834D72B7336500043D3D5 /* Build configuration list for PBXProject "Fruits" */ = {
			isa = XCConfigurationList;
			buildConfigurations = (
				0B2834E82B7336510043D3D5 /* Debug */,
				0B2834E92B7336510043D3D5 /* Release */,
			);
			defaultConfigurationIsVisible = 0;
			defaultConfigurationName = Release;
		};
		0B2834EA2B7336510043D3D5 /* Build configuration list for PBXNativeTarget "Fruits" */ = {
			isa = XCConfigurationList;
			buildConfigurations = (
				0B2834EB2B7336510043D3D5 /* Debug */,
				0B2834EC2B7336510043D3D5 /* Release */,
			);
			defaultConfigurationIsVisible = 0;
			defaultConfigurationName = Release;
		};
/* End XCConfigurationList section */
	};
	rootObject = 0B2834D42B7336500043D3D5 /* Project object */;
}
