// !$*UTF8*$!
{
	archiveVersion = 1;
	classes = {
	};
	objectVersion = 56;
	objects = {

/* Begin PBXBuildFile section */
		0B16A9402B66DE4700A86E1E /* HikeApp.swift in Sources */ = {isa = PBXBuildFile; fileRef = 0B16A93F2B66DE4700A86E1E /* HikeApp.swift */; };
		0B16A9422B66DE4700A86E1E /* ContentView.swift in Sources */ = {isa = PBXBuildFile; fileRef = 0B16A9412B66DE4700A86E1E /* ContentView.swift */; };
		0B16A9442B66DE4800A86E1E /* Assets.xcassets in Resources */ = {isa = PBXBuildFile; fileRef = 0B16A9432B66DE4800A86E1E /* Assets.xcassets */; };
		0B16A9482B66DE4800A86E1E /* Preview Assets.xcassets in Resources */ = {isa = PBXBuildFile; fileRef = 0B16A9472B66DE4800A86E1E /* Preview Assets.xcassets */; };
		0B16A94F2B66E03F00A86E1E /* CardView.swift in Sources */ = {isa = PBXBuildFile; fileRef = 0B16A94E2B66E03F00A86E1E /* CardView.swift */; };
		0B16A9522B66E15B00A86E1E /* CustomBackgroundView.swift in Sources */ = {isa = PBXBuildFile; fileRef = 0B16A9512B66E15B00A86E1E /* CustomBackgroundView.swift */; };
		0B16A9552B66E2E300A86E1E /* ColorExtension.swift in Sources */ = {isa = PBXBuildFile; fileRef = 0B16A9542B66E2E300A86E1E /* ColorExtension.swift */; };
		0B16A9572B66E68300A86E1E /* CustomButtonView.swift in Sources */ = {isa = PBXBuildFile; fileRef = 0B16A9562B66E68300A86E1E /* CustomButtonView.swift */; };
		0B16A9592B66EAC300A86E1E /* GradientButtonStyle.swift in Sources */ = {isa = PBXBuildFile; fileRef = 0B16A9582B66EAC300A86E1E /* GradientButtonStyle.swift */; };
		0B16A95B2B66EF1600A86E1E /* CustomCircleView.swift in Sources */ = {isa = PBXBuildFile; fileRef = 0B16A95A2B66EF1600A86E1E /* CustomCircleView.swift */; };
		0B16A95D2B66F04F00A86E1E /* MotionAnimationView.swift in Sources */ = {isa = PBXBuildFile; fileRef = 0B16A95C2B66F04F00A86E1E /* MotionAnimationView.swift */; };
		0B1FB6FB2B672465000C6E68 /* SettingsView.swift in Sources */ = {isa = PBXBuildFile; fileRef = 0B1FB6FA2B672465000C6E68 /* SettingsView.swift */; };
		0B1FB6FD2B672AC8000C6E68 /* CustomListRowView.swift in Sources */ = {isa = PBXBuildFile; fileRef = 0B1FB6FC2B672AC8000C6E68 /* CustomListRowView.swift */; };
/* End PBXBuildFile section */

/* Begin PBXFileReference section */
		0B16A93C2B66DE4700A86E1E /* Hike.app */ = {isa = PBXFileReference; explicitFileType = wrapper.application; includeInIndex = 0; path = Hike.app; sourceTree = BUILT_PRODUCTS_DIR; };
		0B16A93F2B66DE4700A86E1E /* HikeApp.swift */ = {isa = PBXFileReference; lastKnownFileType = sourcecode.swift; path = HikeApp.swift; sourceTree = "<group>"; };
		0B16A9412B66DE4700A86E1E /* ContentView.swift */ = {isa = PBXFileReference; lastKnownFileType = sourcecode.swift; path = ContentView.swift; sourceTree = "<group>"; };
		0B16A9432B66DE4800A86E1E /* Assets.xcassets */ = {isa = PBXFileReference; lastKnownFileType = folder.assetcatalog; path = Assets.xcassets; sourceTree = "<group>"; };
		0B16A9452B66DE4800A86E1E /* Hike.entitlements */ = {isa = PBXFileReference; lastKnownFileType = text.plist.entitlements; path = Hike.entitlements; sourceTree = "<group>"; };
		0B16A9472B66DE4800A86E1E /* Preview Assets.xcassets */ = {isa = PBXFileReference; lastKnownFileType = folder.assetcatalog; path = "Preview Assets.xcassets"; sourceTree = "<group>"; };
		0B16A94E2B66E03F00A86E1E /* CardView.swift */ = {isa = PBXFileReference; lastKnownFileType = sourcecode.swift; path = CardView.swift; sourceTree = "<group>"; };
		0B16A9512B66E15B00A86E1E /* CustomBackgroundView.swift */ = {isa = PBXFileReference; lastKnownFileType = sourcecode.swift; path = CustomBackgroundView.swift; sourceTree = "<group>"; };
		0B16A9542B66E2E300A86E1E /* ColorExtension.swift */ = {isa = PBXFileReference; lastKnownFileType = sourcecode.swift; path = ColorExtension.swift; sourceTree = "<group>"; };
		0B16A9562B66E68300A86E1E /* CustomButtonView.swift */ = {isa = PBXFileReference; lastKnownFileType = sourcecode.swift; path = CustomButtonView.swift; sourceTree = "<group>"; };
		0B16A9582B66EAC300A86E1E /* GradientButtonStyle.swift */ = {isa = PBXFileReference; lastKnownFileType = sourcecode.swift; path = GradientButtonStyle.swift; sourceTree = "<group>"; };
		0B16A95A2B66EF1600A86E1E /* CustomCircleView.swift */ = {isa = PBXFileReference; lastKnownFileType = sourcecode.swift; path = CustomCircleView.swift; sourceTree = "<group>"; };
		0B16A95C2B66F04F00A86E1E /* MotionAnimationView.swift */ = {isa = PBXFileReference; lastKnownFileType = sourcecode.swift; path = MotionAnimationView.swift; sourceTree = "<group>"; };
		0B1FB6FA2B672465000C6E68 /* SettingsView.swift */ = {isa = PBXFileReference; lastKnownFileType = sourcecode.swift; path = SettingsView.swift; sourceTree = "<group>"; };
		0B1FB6FC2B672AC8000C6E68 /* CustomListRowView.swift */ = {isa = PBXFileReference; lastKnownFileType = sourcecode.swift; path = CustomListRowView.swift; sourceTree = "<group>"; };
/* End PBXFileReference section */

/* Begin PBXFrameworksBuildPhase section */
		0B16A9392B66DE4700A86E1E /* Frameworks */ = {
			isa = PBXFrameworksBuildPhase;
			buildActionMask = 2147483647;
			files = (
			);
			runOnlyForDeploymentPostprocessing = 0;
		};
/* End PBXFrameworksBuildPhase section */

/* Begin PBXGroup section */
		0B16A9332B66DE4700A86E1E = {
			isa = PBXGroup;
			children = (
				0B16A93E2B66DE4700A86E1E /* Hike */,
				0B16A93D2B66DE4700A86E1E /* Products */,
			);
			sourceTree = "<group>";
		};
		0B16A93D2B66DE4700A86E1E /* Products */ = {
			isa = PBXGroup;
			children = (
				0B16A93C2B66DE4700A86E1E /* Hike.app */,
			);
			name = Products;
			sourceTree = "<group>";
		};
		0B16A93E2B66DE4700A86E1E /* Hike */ = {
			isa = PBXGroup;
			children = (
				0B16A9532B66E2CF00A86E1E /* Utility */,
				0B16A93F2B66DE4700A86E1E /* HikeApp.swift */,
				0B1FB6F92B67240A000C6E68 /* Screen */,
				0B16A9432B66DE4800A86E1E /* Assets.xcassets */,
				0B16A9452B66DE4800A86E1E /* Hike.entitlements */,
				0B16A9462B66DE4800A86E1E /* Preview Content */,
				0B16A9502B66E13E00A86E1E /* Component */,
			);
			path = Hike;
			sourceTree = "<group>";
		};
		0B16A9462B66DE4800A86E1E /* Preview Content */ = {
			isa = PBXGroup;
			children = (
				0B16A9472B66DE4800A86E1E /* Preview Assets.xcassets */,
			);
			path = "Preview Content";
			sourceTree = "<group>";
		};
		0B16A9502B66E13E00A86E1E /* Component */ = {
			isa = PBXGroup;
			children = (
				0B16A94E2B66E03F00A86E1E /* CardView.swift */,
				0B16A9512B66E15B00A86E1E /* CustomBackgroundView.swift */,
				0B16A9562B66E68300A86E1E /* CustomButtonView.swift */,
				0B16A95A2B66EF1600A86E1E /* CustomCircleView.swift */,
				0B16A95C2B66F04F00A86E1E /* MotionAnimationView.swift */,
				0B1FB6FC2B672AC8000C6E68 /* CustomListRowView.swift */,
			);
			path = Component;
			sourceTree = "<group>";
		};
		0B16A9532B66E2CF00A86E1E /* Utility */ = {
			isa = PBXGroup;
			children = (
				0B16A9542B66E2E300A86E1E /* ColorExtension.swift */,
				0B16A9582B66EAC300A86E1E /* GradientButtonStyle.swift */,
			);
			path = Utility;
			sourceTree = "<group>";
		};
		0B1FB6F92B67240A000C6E68 /* Screen */ = {
			isa = PBXGroup;
			children = (
				0B16A9412B66DE4700A86E1E /* ContentView.swift */,
				0B1FB6FA2B672465000C6E68 /* SettingsView.swift */,
			);
			path = Screen;
			sourceTree = "<group>";
		};
/* End PBXGroup section */

/* Begin PBXNativeTarget section */
		0B16A93B2B66DE4700A86E1E /* Hike */ = {
			isa = PBXNativeTarget;
			buildConfigurationList = 0B16A94B2B66DE4800A86E1E /* Build configuration list for PBXNativeTarget "Hike" */;
			buildPhases = (
				0B16A9382B66DE4700A86E1E /* Sources */,
				0B16A9392B66DE4700A86E1E /* Frameworks */,
				0B16A93A2B66DE4700A86E1E /* Resources */,
			);
			buildRules = (
			);
			dependencies = (
			);
			name = Hike;
			productName = Hike;
			productReference = 0B16A93C2B66DE4700A86E1E /* Hike.app */;
			productType = "com.apple.product-type.application";
		};
/* End PBXNativeTarget section */

/* Begin PBXProject section */
		0B16A9342B66DE4700A86E1E /* Project object */ = {
			isa = PBXProject;
			attributes = {
				BuildIndependentTargetsInParallel = 1;
				LastSwiftUpdateCheck = 1520;
				LastUpgradeCheck = 1520;
				TargetAttributes = {
					0B16A93B2B66DE4700A86E1E = {
						CreatedOnToolsVersion = 15.2;
					};
				};
			};
			buildConfigurationList = 0B16A9372B66DE4700A86E1E /* Build configuration list for PBXProject "Hike" */;
			compatibilityVersion = "Xcode 14.0";
			developmentRegion = en;
			hasScannedForEncodings = 0;
			knownRegions = (
				en,
				Base,
			);
			mainGroup = 0B16A9332B66DE4700A86E1E;
			productRefGroup = 0B16A93D2B66DE4700A86E1E /* Products */;
			projectDirPath = "";
			projectRoot = "";
			targets = (
				0B16A93B2B66DE4700A86E1E /* Hike */,
			);
		};
/* End PBXProject section */

/* Begin PBXResourcesBuildPhase section */
		0B16A93A2B66DE4700A86E1E /* Resources */ = {
			isa = PBXResourcesBuildPhase;
			buildActionMask = 2147483647;
			files = (
				0B16A9482B66DE4800A86E1E /* Preview Assets.xcassets in Resources */,
				0B16A9442B66DE4800A86E1E /* Assets.xcassets in Resources */,
			);
			runOnlyForDeploymentPostprocessing = 0;
		};
/* End PBXResourcesBuildPhase section */

/* Begin PBXSourcesBuildPhase section */
		0B16A9382B66DE4700A86E1E /* Sources */ = {
			isa = PBXSourcesBuildPhase;
			buildActionMask = 2147483647;
			files = (
				0B16A9422B66DE4700A86E1E /* ContentView.swift in Sources */,
				0B16A95B2B66EF1600A86E1E /* CustomCircleView.swift in Sources */,
				0B1FB6FD2B672AC8000C6E68 /* CustomListRowView.swift in Sources */,
				0B16A94F2B66E03F00A86E1E /* CardView.swift in Sources */,
				0B16A9402B66DE4700A86E1E /* HikeApp.swift in Sources */,
				0B16A9572B66E68300A86E1E /* CustomButtonView.swift in Sources */,
				0B1FB6FB2B672465000C6E68 /* SettingsView.swift in Sources */,
				0B16A9592B66EAC300A86E1E /* GradientButtonStyle.swift in Sources */,
				0B16A95D2B66F04F00A86E1E /* MotionAnimationView.swift in Sources */,
				0B16A9522B66E15B00A86E1E /* CustomBackgroundView.swift in Sources */,
				0B16A9552B66E2E300A86E1E /* ColorExtension.swift in Sources */,
			);
			runOnlyForDeploymentPostprocessing = 0;
		};
/* End PBXSourcesBuildPhase section */

/* Begin XCBuildConfiguration section */
		0B16A9492B66DE4800A86E1E /* Debug */ = {
			isa = XCBuildConfiguration;
			buildSettings = {
				ALWAYS_SEARCH_USER_PATHS = NO;
				ASSETCATALOG_COMPILER_GENERATE_SWIFT_ASSET_SYMBOL_EXTENSIONS = YES;
				CLANG_ANALYZER_NONNULL = YES;
				CLANG_ANALYZER_NUMBER_OBJECT_CONVERSION = YES_AGGRESSIVE;
				CLANG_CXX_LANGUAGE_STANDARD = "gnu++20";
				CLANG_ENABLE_MODULES = YES;
				CLANG_ENABLE_OBJC_ARC = YES;
				CLANG_ENABLE_OBJC_WEAK = YES;
				CLANG_WARN_BLOCK_CAPTURE_AUTORELEASING = YES;
				CLANG_WARN_BOOL_CONVERSION = YES;
				CLANG_WARN_COMMA = YES;
				CLANG_WARN_CONSTANT_CONVERSION = YES;
				CLANG_WARN_DEPRECATED_OBJC_IMPLEMENTATIONS = YES;
				CLANG_WARN_DIRECT_OBJC_ISA_USAGE = YES_ERROR;
				CLANG_WARN_DOCUMENTATION_COMMENTS = YES;
				CLANG_WARN_EMPTY_BODY = YES;
				CLANG_WARN_ENUM_CONVERSION = YES;
				CLANG_WARN_INFINITE_RECURSION = YES;
				CLANG_WARN_INT_CONVERSION = YES;
				CLANG_WARN_NON_LITERAL_NULL_CONVERSION = YES;
				CLANG_WARN_OBJC_IMPLICIT_RETAIN_SELF = YES;
				CLANG_WARN_OBJC_LITERAL_CONVERSION = YES;
				CLANG_WARN_OBJC_ROOT_CLASS = YES_ERROR;
				CLANG_WARN_QUOTED_INCLUDE_IN_FRAMEWORK_HEADER = YES;
				CLANG_WARN_RANGE_LOOP_ANALYSIS = YES;
				CLANG_WARN_STRICT_PROTOTYPES = YES;
				CLANG_WARN_SUSPICIOUS_MOVE = YES;
				CLANG_WARN_UNGUARDED_AVAILABILITY = YES_AGGRESSIVE;
				CLANG_WARN_UNREACHABLE_CODE = YES;
				CLANG_WARN__DUPLICATE_METHOD_MATCH = YES;
				COPY_PHASE_STRIP = NO;
				DEBUG_INFORMATION_FORMAT = dwarf;
				ENABLE_STRICT_OBJC_MSGSEND = YES;
				ENABLE_TESTABILITY = YES;
				ENABLE_USER_SCRIPT_SANDBOXING = YES;
				GCC_C_LANGUAGE_STANDARD = gnu17;
				GCC_DYNAMIC_NO_PIC = NO;
				GCC_NO_COMMON_BLOCKS = YES;
				GCC_OPTIMIZATION_LEVEL = 0;
				GCC_PREPROCESSOR_DEFINITIONS = (
					"DEBUG=1",
					"$(inherited)",
				);
				GCC_WARN_64_TO_32_BIT_CONVERSION = YES;
				GCC_WARN_ABOUT_RETURN_TYPE = YES_ERROR;
				GCC_WARN_UNDECLARED_SELECTOR = YES;
				GCC_WARN_UNINITIALIZED_AUTOS = YES_AGGRESSIVE;
				GCC_WARN_UNUSED_FUNCTION = YES;
				GCC_WARN_UNUSED_VARIABLE = YES;
				LOCALIZATION_PREFERS_STRING_CATALOGS = YES;
				MTL_ENABLE_DEBUG_INFO = INCLUDE_SOURCE;
				MTL_FAST_MATH = YES;
				ONLY_ACTIVE_ARCH = YES;
				SWIFT_ACTIVE_COMPILATION_CONDITIONS = "DEBUG $(inherited)";
				SWIFT_OPTIMIZATION_LEVEL = "-Onone";
			};
			name = Debug;
		};
		0B16A94A2B66DE4800A86E1E /* Release */ = {
			isa = XCBuildConfiguration;
			buildSettings = {
				ALWAYS_SEARCH_USER_PATHS = NO;
				ASSETCATALOG_COMPILER_GENERATE_SWIFT_ASSET_SYMBOL_EXTENSIONS = YES;
				CLANG_ANALYZER_NONNULL = YES;
				CLANG_ANALYZER_NUMBER_OBJECT_CONVERSION = YES_AGGRESSIVE;
				CLANG_CXX_LANGUAGE_STANDARD = "gnu++20";
				CLANG_ENABLE_MODULES = YES;
				CLANG_ENABLE_OBJC_ARC = YES;
				CLANG_ENABLE_OBJC_WEAK = YES;
				CLANG_WARN_BLOCK_CAPTURE_AUTORELEASING = YES;
				CLANG_WARN_BOOL_CONVERSION = YES;
				CLANG_WARN_COMMA = YES;
				CLANG_WARN_CONSTANT_CONVERSION = YES;
				CLANG_WARN_DEPRECATED_OBJC_IMPLEMENTATIONS = YES;
				CLANG_WARN_DIRECT_OBJC_ISA_USAGE = YES_ERROR;
				CLANG_WARN_DOCUMENTATION_COMMENTS = YES;
				CLANG_WARN_EMPTY_BODY = YES;
				CLANG_WARN_ENUM_CONVERSION = YES;
				CLANG_WARN_INFINITE_RECURSION = YES;
				CLANG_WARN_INT_CONVERSION = YES;
				CLANG_WARN_NON_LITERAL_NULL_CONVERSION = YES;
				CLANG_WARN_OBJC_IMPLICIT_RETAIN_SELF = YES;
				CLANG_WARN_OBJC_LITERAL_CONVERSION = YES;
				CLANG_WARN_OBJC_ROOT_CLASS = YES_ERROR;
				CLANG_WARN_QUOTED_INCLUDE_IN_FRAMEWORK_HEADER = YES;
				CLANG_WARN_RANGE_LOOP_ANALYSIS = YES;
				CLANG_WARN_STRICT_PROTOTYPES = YES;
				CLANG_WARN_SUSPICIOUS_MOVE = YES;
				CLANG_WARN_UNGUARDED_AVAILABILITY = YES_AGGRESSIVE;
				CLANG_WARN_UNREACHABLE_CODE = YES;
				CLANG_WARN__DUPLICATE_METHOD_MATCH = YES;
				COPY_PHASE_STRIP = NO;
				DEBUG_INFORMATION_FORMAT = "dwarf-with-dsym";
				ENABLE_NS_ASSERTIONS = NO;
				ENABLE_STRICT_OBJC_MSGSEND = YES;
				ENABLE_USER_SCRIPT_SANDBOXING = YES;
				GCC_C_LANGUAGE_STANDARD = gnu17;
				GCC_NO_COMMON_BLOCKS = YES;
				GCC_WARN_64_TO_32_BIT_CONVERSION = YES;
				GCC_WARN_ABOUT_RETURN_TYPE = YES_ERROR;
				GCC_WARN_UNDECLARED_SELECTOR = YES;
				GCC_WARN_UNINITIALIZED_AUTOS = YES_AGGRESSIVE;
				GCC_WARN_UNUSED_FUNCTION = YES;
				GCC_WARN_UNUSED_VARIABLE = YES;
				LOCALIZATION_PREFERS_STRING_CATALOGS = YES;
				MTL_ENABLE_DEBUG_INFO = NO;
				MTL_FAST_MATH = YES;
				SWIFT_COMPILATION_MODE = wholemodule;
			};
			name = Release;
		};
		0B16A94C2B66DE4800A86E1E /* Debug */ = {
			isa = XCBuildConfiguration;
			buildSettings = {
				ASSETCATALOG_COMPILER_ALTERNATE_APPICON_NAMES = "AppIcon-Backpack AppIcon-Camera AppIcon-Mushroom AppIcon-Map AppIcon-MagnifyingGlass AppIcon-Campfire";
				ASSETCATALOG_COMPILER_APPICON_NAME = AppIcon;
				ASSETCATALOG_COMPILER_GLOBAL_ACCENT_COLOR_NAME = AccentColor;
				ASSETCATALOG_COMPILER_INCLUDE_ALL_APPICON_ASSETS = YES;
				CODE_SIGN_ENTITLEMENTS = Hike/Hike.entitlements;
				CODE_SIGN_STYLE = Automatic;
				CURRENT_PROJECT_VERSION = 1;
				DEVELOPMENT_ASSET_PATHS = "\"Hike/Preview Content\"";
				DEVELOPMENT_TEAM = 72VA36Y4H8;
				ENABLE_HARDENED_RUNTIME = YES;
				ENABLE_PREVIEWS = YES;
				GENERATE_INFOPLIST_FILE = YES;
				"INFOPLIST_KEY_UIApplicationSceneManifest_Generation[sdk=iphoneos*]" = YES;
				"INFOPLIST_KEY_UIApplicationSceneManifest_Generation[sdk=iphonesimulator*]" = YES;
				"INFOPLIST_KEY_UIApplicationSupportsIndirectInputEvents[sdk=iphoneos*]" = YES;
				"INFOPLIST_KEY_UIApplicationSupportsIndirectInputEvents[sdk=iphonesimulator*]" = YES;
				"INFOPLIST_KEY_UILaunchScreen_Generation[sdk=iphoneos*]" = YES;
				"INFOPLIST_KEY_UILaunchScreen_Generation[sdk=iphonesimulator*]" = YES;
				"INFOPLIST_KEY_UIStatusBarStyle[sdk=iphoneos*]" = UIStatusBarStyleDefault;
				"INFOPLIST_KEY_UIStatusBarStyle[sdk=iphonesimulator*]" = UIStatusBarStyleDefault;
				INFOPLIST_KEY_UISupportedInterfaceOrientations_iPad = "UIInterfaceOrientationPortrait UIInterfaceOrientationPortraitUpsideDown UIInterfaceOrientationLandscapeLeft UIInterfaceOrientationLandscapeRight";
				INFOPLIST_KEY_UISupportedInterfaceOrientations_iPhone = "UIInterfaceOrientationPortrait UIInterfaceOrientationLandscapeLeft UIInterfaceOrientationLandscapeRight";
				IPHONEOS_DEPLOYMENT_TARGET = 17.2;
				LD_RUNPATH_SEARCH_PATHS = "@executable_path/Frameworks";
				"LD_RUNPATH_SEARCH_PATHS[sdk=macosx*]" = "@executable_path/../Frameworks";
				MACOSX_DEPLOYMENT_TARGET = 14.2;
				MARKETING_VERSION = 1.0;
				PRODUCT_BUNDLE_IDENTIFIER = com.karthikpalusa.Hike;
				PRODUCT_NAME = "$(TARGET_NAME)";
				SDKROOT = auto;
				SUPPORTED_PLATFORMS = "iphoneos iphonesimulator macosx";
				SWIFT_EMIT_LOC_STRINGS = YES;
				SWIFT_VERSION = 5.0;
				TARGETED_DEVICE_FAMILY = "1,2";
			};
			name = Debug;
		};
		0B16A94D2B66DE4800A86E1E /* Release */ = {
			isa = XCBuildConfiguration;
			buildSettings = {
				ASSETCATALOG_COMPILER_ALTERNATE_APPICON_NAMES = "AppIcon-Backpack AppIcon-Camera AppIcon-Mushroom AppIcon-Map AppIcon-MagnifyingGlass AppIcon-Campfire";
				ASSETCATALOG_COMPILER_APPICON_NAME = AppIcon;
				ASSETCATALOG_COMPILER_GLOBAL_ACCENT_COLOR_NAME = AccentColor;
				ASSETCATALOG_COMPILER_INCLUDE_ALL_APPICON_ASSETS = YES;
				CODE_SIGN_ENTITLEMENTS = Hike/Hike.entitlements;
				CODE_SIGN_STYLE = Automatic;
				CURRENT_PROJECT_VERSION = 1;
				DEVELOPMENT_ASSET_PATHS = "\"Hike/Preview Content\"";
				DEVELOPMENT_TEAM = 72VA36Y4H8;
				ENABLE_HARDENED_RUNTIME = YES;
				ENABLE_PREVIEWS = YES;
				GENERATE_INFOPLIST_FILE = YES;
				"INFOPLIST_KEY_UIApplicationSceneManifest_Generation[sdk=iphoneos*]" = YES;
				"INFOPLIST_KEY_UIApplicationSceneManifest_Generation[sdk=iphonesimulator*]" = YES;
				"INFOPLIST_KEY_UIApplicationSupportsIndirectInputEvents[sdk=iphoneos*]" = YES;
				"INFOPLIST_KEY_UIApplicationSupportsIndirectInputEvents[sdk=iphonesimulator*]" = YES;
				"INFOPLIST_KEY_UILaunchScreen_Generation[sdk=iphoneos*]" = YES;
				"INFOPLIST_KEY_UILaunchScreen_Generation[sdk=iphonesimulator*]" = YES;
				"INFOPLIST_KEY_UIStatusBarStyle[sdk=iphoneos*]" = UIStatusBarStyleDefault;
				"INFOPLIST_KEY_UIStatusBarStyle[sdk=iphonesimulator*]" = UIStatusBarStyleDefault;
				INFOPLIST_KEY_UISupportedInterfaceOrientations_iPad = "UIInterfaceOrientationPortrait UIInterfaceOrientationPortraitUpsideDown UIInterfaceOrientationLandscapeLeft UIInterfaceOrientationLandscapeRight";
				INFOPLIST_KEY_UISupportedInterfaceOrientations_iPhone = "UIInterfaceOrientationPortrait UIInterfaceOrientationLandscapeLeft UIInterfaceOrientationLandscapeRight";
				IPHONEOS_DEPLOYMENT_TARGET = 17.2;
				LD_RUNPATH_SEARCH_PATHS = "@executable_path/Frameworks";
				"LD_RUNPATH_SEARCH_PATHS[sdk=macosx*]" = "@executable_path/../Frameworks";
				MACOSX_DEPLOYMENT_TARGET = 14.2;
				MARKETING_VERSION = 1.0;
				PRODUCT_BUNDLE_IDENTIFIER = com.karthikpalusa.Hike;
				PRODUCT_NAME = "$(TARGET_NAME)";
				SDKROOT = auto;
				SUPPORTED_PLATFORMS = "iphoneos iphonesimulator macosx";
				SWIFT_EMIT_LOC_STRINGS = YES;
				SWIFT_VERSION = 5.0;
				TARGETED_DEVICE_FAMILY = "1,2";
			};
			name = Release;
		};
/* End XCBuildConfiguration section */

/* Begin XCConfigurationList section */
		0B16A9372B66DE4700A86E1E /* Build configuration list for PBXProject "Hike" */ = {
			isa = XCConfigurationList;
			buildConfigurations = (
				0B16A9492B66DE4800A86E1E /* Debug */,
				0B16A94A2B66DE4800A86E1E /* Release */,
			);
			defaultConfigurationIsVisible = 0;
			defaultConfigurationName = Release;
		};
		0B16A94B2B66DE4800A86E1E /* Build configuration list for PBXNativeTarget "Hike" */ = {
			isa = XCConfigurationList;
			buildConfigurations = (
				0B16A94C2B66DE4800A86E1E /* Debug */,
				0B16A94D2B66DE4800A86E1E /* Release */,
			);
			defaultConfigurationIsVisible = 0;
			defaultConfigurationName = Release;
		};
/* End XCConfigurationList section */
	};
	rootObject = 0B16A9342B66DE4700A86E1E /* Project object */;
}
